
Microsoft Visual Studio Solution File, Format Version 12.00
# Visual Studio Version 16
VisualStudioVersion = 16.0.31624.102
MinimumVisualStudioVersion = 10.0.40219.1
Project("{FAE04EC0-301F-11D3-BF4B-00C04F79EFBC}") = "ConsoleAppStudDetailsStructure", "ConsoleAppStudDetailsStructure.csproj", "{136E41D1-4A54-4BDF-BA8D-5414BED5AAB3}"
EndProject
Global
	GlobalSection(SolutionConfigurationPlatforms) = preSolution
		Debug|Any CPU = Debug|Any CPU
		Release|Any CPU = Release|Any CPU
	EndGlobalSection
	GlobalSection(ProjectConfigurationPlatforms) = postSolution
		{136E41D1-4A54-4BDF-BA8D-5414BED5AAB3}.Debug|Any CPU.ActiveCfg = Debug|Any CPU
		{136E41D1-4A54-4BDF-BA8D-5414BED5AAB3}.Debug|Any CPU.Build.0 = Debug|Any CPU
		{136E41D1-4A54-4BDF-BA8D-5414BED5AAB3}.Release|Any CPU.ActiveCfg = Release|Any CPU
		{136E41D1-4A54-4BDF-BA8D-5414BED5AAB3}.Release|Any CPU.Build.0 = Release|Any CPU
	EndGlobalSection
	GlobalSection(SolutionProperties) = preSolution
		HideSolutionNode = FALSE
	EndGlobalSection
	GlobalSection(ExtensibilityGlobals) = postSolution
		SolutionGuid = {14E0153B-D074-47F9-AFCB-CE4B65012033}
	EndGlobalSection
EndGlobal
